
Microsoft Visual Studio Solution File, Format Version 12.00
# Visual Studio 15
VisualStudioVersion = 15.0.27004.2005
MinimumVisualStudioVersion = 10.0.40219.1
Project("{FAE04EC0-301F-11D3-BF4B-00C04F79EFBC}") = "Awale", "Awale\Awale.csproj", "{709971B7-AA9C-411A-8C93-7A5DB819748B}"
EndProject
Global
	GlobalSection(SolutionConfigurationPlatforms) = preSolution
		Debug|Any CPU = Debug|Any CPU
		Release|Any CPU = Release|Any CPU
	EndGlobalSection
	GlobalSection(ProjectConfigurationPlatforms) = postSolution
		{709971B7-AA9C-411A-8C93-7A5DB819748B}.Debug|Any CPU.ActiveCfg = Debug|Any CPU
		{709971B7-AA9C-411A-8C93-7A5DB819748B}.Debug|Any CPU.Build.0 = Debug|Any CPU
		{709971B7-AA9C-411A-8C93-7A5DB819748B}.Release|Any CPU.ActiveCfg = Release|Any CPU
		{709971B7-AA9C-411A-8C93-7A5DB819748B}.Release|Any CPU.Build.0 = Release|Any CPU
	EndGlobalSection
	GlobalSection(SolutionProperties) = preSolution
		HideSolutionNode = FALSE
	EndGlobalSection
	GlobalSection(ExtensibilityGlobals) = postSolution
		SolutionGuid = {8A7E7245-9EA0-4741-B679-3B69B17540AE}
	EndGlobalSection
EndGlobal
